{
    "erusev/parsedown": {
        "version": "1.7.4"
    },
    "php": {
        "version": "7.1.3"
    },
    "symfony/error-handler": {
        "version": "v4.4.5"
    },
    "twig/extra-bundle": {
        "version": "v3.0.3"
    },
    "twig/markdown-extra": {
        "version": "v3.0.3"
    }
}
